// !$*UTF8*$!
{
	archiveVersion = 1;
	classes = {
	};
	objectVersion = 52;
	objects = {

/* Begin PBXBuildFile section */
		A40D347221A4970B00DCD6DD /* HelperAppDelegate.swift in Sources */ = {isa = PBXBuildFile; fileRef = A40D347121A4970B00DCD6DD /* HelperAppDelegate.swift */; };
		A40D347421A4970D00DCD6DD /* Assets.xcassets in Resources */ = {isa = PBXBuildFile; fileRef = A40D347321A4970D00DCD6DD /* Assets.xcassets */; };
		A40D347E21A49A3400DCD6DD /* HottestCornersHelper.app in CopyFiles */ = {isa = PBXBuildFile; fileRef = A40D346F21A4970B00DCD6DD /* HottestCornersHelper.app */; settings = {ATTRIBUTES = (RemoveHeadersOnCopy, ); }; };
		A40D348121A49C6200DCD6DD /* ServiceManagement.framework in Frameworks */ = {isa = PBXBuildFile; fileRef = A40D348021A49C6200DCD6DD /* ServiceManagement.framework */; };
		A40D348421A49C7E00DCD6DD /* HottestCornersHelper.app in Embed Frameworks */ = {isa = PBXBuildFile; fileRef = A40D346F21A4970B00DCD6DD /* HottestCornersHelper.app */; settings = {ATTRIBUTES = (RemoveHeadersOnCopy, ); }; };
		A40D348621A4A29700DCD6DD /* main.swift in Sources */ = {isa = PBXBuildFile; fileRef = A40D348521A4A29700DCD6DD /* main.swift */; };
		A42B255B21AF1808002D882F /* Corners.swift in Sources */ = {isa = PBXBuildFile; fileRef = A42B255A21AF1808002D882F /* Corners.swift */; };
		A4926529219CC6F40087239F /* AppDelegate.swift in Sources */ = {isa = PBXBuildFile; fileRef = A4926528219CC6F40087239F /* AppDelegate.swift */; };
		A492652B219CC6F50087239F /* Assets.xcassets in Resources */ = {isa = PBXBuildFile; fileRef = A492652A219CC6F50087239F /* Assets.xcassets */; };
		A4F3E4F021A044E900369222 /* main.swift in Sources */ = {isa = PBXBuildFile; fileRef = A4F3E4EF21A044E900369222 /* main.swift */; };
		A4F3E4F621A1C38D00369222 /* MouseController.swift in Sources */ = {isa = PBXBuildFile; fileRef = A4F3E4F521A1C38D00369222 /* MouseController.swift */; };
		B6AACDCB26E4FD92009CA7B5 /* UserDefaultsExtension.swift in Sources */ = {isa = PBXBuildFile; fileRef = B6AACDCA26E4FD92009CA7B5 /* UserDefaultsExtension.swift */; };
		B6AACDD026E54C86009CA7B5 /* MainMenu.swift in Sources */ = {isa = PBXBuildFile; fileRef = B6AACDCF26E54C86009CA7B5 /* MainMenu.swift */; };
		B6AACDD226E54DE6009CA7B5 /* StatusBarConfigurator.swift in Sources */ = {isa = PBXBuildFile; fileRef = B6AACDD126E54DE6009CA7B5 /* StatusBarConfigurator.swift */; };
		B6AACDD426E55013009CA7B5 /* ApplicationsMenu.swift in Sources */ = {isa = PBXBuildFile; fileRef = B6AACDD326E55013009CA7B5 /* ApplicationsMenu.swift */; };
		B6AACDD626E55339009CA7B5 /* ApplicationsList.swift in Sources */ = {isa = PBXBuildFile; fileRef = B6AACDD526E55339009CA7B5 /* ApplicationsList.swift */; };
/* End PBXBuildFile section */

/* Begin PBXCopyFilesBuildPhase section */
		A40D347D21A49A1400DCD6DD /* CopyFiles */ = {
			isa = PBXCopyFilesBuildPhase;
			buildActionMask = 2147483647;
			dstPath = Contents/Library/LoginItems;
			dstSubfolderSpec = 1;
			files = (
				A40D347E21A49A3400DCD6DD /* HottestCornersHelper.app in CopyFiles */,
			);
			runOnlyForDeploymentPostprocessing = 0;
		};
		A42D15D621A2204B00A16162 /* Embed Frameworks */ = {
			isa = PBXCopyFilesBuildPhase;
			buildActionMask = 2147483647;
			dstPath = "";
			dstSubfolderSpec = 10;
			files = (
				A40D348421A49C7E00DCD6DD /* HottestCornersHelper.app in Embed Frameworks */,
			);
			name = "Embed Frameworks";
			runOnlyForDeploymentPostprocessing = 0;
		};
/* End PBXCopyFilesBuildPhase section */

/* Begin PBXFileReference section */
		A40D346F21A4970B00DCD6DD /* HottestCornersHelper.app */ = {isa = PBXFileReference; explicitFileType = wrapper.application; includeInIndex = 0; path = HottestCornersHelper.app; sourceTree = BUILT_PRODUCTS_DIR; };
		A40D347121A4970B00DCD6DD /* HelperAppDelegate.swift */ = {isa = PBXFileReference; lastKnownFileType = sourcecode.swift; path = HelperAppDelegate.swift; sourceTree = "<group>"; };
		A40D347321A4970D00DCD6DD /* Assets.xcassets */ = {isa = PBXFileReference; lastKnownFileType = folder.assetcatalog; path = Assets.xcassets; sourceTree = "<group>"; };
		A40D347821A4970D00DCD6DD /* Info.plist */ = {isa = PBXFileReference; lastKnownFileType = text.plist.xml; path = Info.plist; sourceTree = "<group>"; };
		A40D347921A4970D00DCD6DD /* HottestCornersHelper.entitlements */ = {isa = PBXFileReference; lastKnownFileType = text.plist.entitlements; path = HottestCornersHelper.entitlements; sourceTree = "<group>"; };
		A40D348021A49C6200DCD6DD /* ServiceManagement.framework */ = {isa = PBXFileReference; lastKnownFileType = wrapper.framework; name = ServiceManagement.framework; path = System/Library/Frameworks/ServiceManagement.framework; sourceTree = SDKROOT; };
		A40D348521A4A29700DCD6DD /* main.swift */ = {isa = PBXFileReference; lastKnownFileType = sourcecode.swift; path = main.swift; sourceTree = "<group>"; };
		A42B255A21AF1808002D882F /* Corners.swift */ = {isa = PBXFileReference; lastKnownFileType = sourcecode.swift; path = Corners.swift; sourceTree = "<group>"; };
		A4926525219CC6F40087239F /* HottestCorners.app */ = {isa = PBXFileReference; explicitFileType = wrapper.application; includeInIndex = 0; path = HottestCorners.app; sourceTree = BUILT_PRODUCTS_DIR; };
		A4926528219CC6F40087239F /* AppDelegate.swift */ = {isa = PBXFileReference; lastKnownFileType = sourcecode.swift; path = AppDelegate.swift; sourceTree = "<group>"; };
		A492652A219CC6F50087239F /* Assets.xcassets */ = {isa = PBXFileReference; lastKnownFileType = folder.assetcatalog; path = Assets.xcassets; sourceTree = "<group>"; };
		A492652F219CC6F50087239F /* Info.plist */ = {isa = PBXFileReference; lastKnownFileType = text.plist.xml; path = Info.plist; sourceTree = "<group>"; };
		A4926530219CC6F50087239F /* HottestCorners.entitlements */ = {isa = PBXFileReference; lastKnownFileType = text.plist.entitlements; path = HottestCorners.entitlements; sourceTree = "<group>"; };
		A4F3E4EF21A044E900369222 /* main.swift */ = {isa = PBXFileReference; lastKnownFileType = sourcecode.swift; path = main.swift; sourceTree = "<group>"; };
		A4F3E4F521A1C38D00369222 /* MouseController.swift */ = {isa = PBXFileReference; lastKnownFileType = sourcecode.swift; path = MouseController.swift; sourceTree = "<group>"; };
		B6AACDCA26E4FD92009CA7B5 /* UserDefaultsExtension.swift */ = {isa = PBXFileReference; lastKnownFileType = sourcecode.swift; path = UserDefaultsExtension.swift; sourceTree = "<group>"; };
		B6AACDCF26E54C86009CA7B5 /* MainMenu.swift */ = {isa = PBXFileReference; lastKnownFileType = sourcecode.swift; path = MainMenu.swift; sourceTree = "<group>"; };
		B6AACDD126E54DE6009CA7B5 /* StatusBarConfigurator.swift */ = {isa = PBXFileReference; lastKnownFileType = sourcecode.swift; path = StatusBarConfigurator.swift; sourceTree = "<group>"; };
		B6AACDD326E55013009CA7B5 /* ApplicationsMenu.swift */ = {isa = PBXFileReference; lastKnownFileType = sourcecode.swift; path = ApplicationsMenu.swift; sourceTree = "<group>"; };
		B6AACDD526E55339009CA7B5 /* ApplicationsList.swift */ = {isa = PBXFileReference; lastKnownFileType = sourcecode.swift; path = ApplicationsList.swift; sourceTree = "<group>"; };
/* End PBXFileReference section */

/* Begin PBXFrameworksBuildPhase section */
		A40D346C21A4970B00DCD6DD /* Frameworks */ = {
			isa = PBXFrameworksBuildPhase;
			buildActionMask = 2147483647;
			files = (
			);
			runOnlyForDeploymentPostprocessing = 0;
		};
		A4926522219CC6F40087239F /* Frameworks */ = {
			isa = PBXFrameworksBuildPhase;
			buildActionMask = 2147483647;
			files = (
				A40D348121A49C6200DCD6DD /* ServiceManagement.framework in Frameworks */,
			);
			runOnlyForDeploymentPostprocessing = 0;
		};
/* End PBXFrameworksBuildPhase section */

/* Begin PBXGroup section */
		A40D347021A4970B00DCD6DD /* HottestCornersHelper */ = {
			isa = PBXGroup;
			children = (
				A40D347121A4970B00DCD6DD /* HelperAppDelegate.swift */,
				A40D347321A4970D00DCD6DD /* Assets.xcassets */,
				A40D347821A4970D00DCD6DD /* Info.plist */,
				A40D347921A4970D00DCD6DD /* HottestCornersHelper.entitlements */,
				A40D348521A4A29700DCD6DD /* main.swift */,
			);
			path = HottestCornersHelper;
			sourceTree = "<group>";
		};
		A40D347F21A49C6200DCD6DD /* Frameworks */ = {
			isa = PBXGroup;
			children = (
				A40D348021A49C6200DCD6DD /* ServiceManagement.framework */,
			);
			name = Frameworks;
			sourceTree = "<group>";
		};
		A492651C219CC6F40087239F = {
			isa = PBXGroup;
			children = (
				A4926527219CC6F40087239F /* HottestCorners */,
				A40D347021A4970B00DCD6DD /* HottestCornersHelper */,
				A4926526219CC6F40087239F /* Products */,
				A40D347F21A49C6200DCD6DD /* Frameworks */,
			);
			sourceTree = "<group>";
		};
		A4926526219CC6F40087239F /* Products */ = {
			isa = PBXGroup;
			children = (
				A4926525219CC6F40087239F /* HottestCorners.app */,
				A40D346F21A4970B00DCD6DD /* HottestCornersHelper.app */,
			);
			name = Products;
			sourceTree = "<group>";
		};
		A4926527219CC6F40087239F /* HottestCorners */ = {
			isa = PBXGroup;
			children = (
				B6AACDCC26E50477009CA7B5 /* Source */,
				B6AACDCD26E504BD009CA7B5 /* Resource */,
				B6AACDCE26E5050F009CA7B5 /* Configuration */,
			);
			path = HottestCorners;
			sourceTree = "<group>";
		};
		B6AACDCC26E50477009CA7B5 /* Source */ = {
			isa = PBXGroup;
			children = (
				A4F3E4EF21A044E900369222 /* main.swift */,
				A4926528219CC6F40087239F /* AppDelegate.swift */,
				B6AACDD726E55E02009CA7B5 /* Menu */,
				A4F3E4F521A1C38D00369222 /* MouseController.swift */,
				B6AACDD126E54DE6009CA7B5 /* StatusBarConfigurator.swift */,
				B6AACDD526E55339009CA7B5 /* ApplicationsList.swift */,
				A42B255A21AF1808002D882F /* Corners.swift */,
				B6AACDCA26E4FD92009CA7B5 /* UserDefaultsExtension.swift */,
			);
			path = Source;
			sourceTree = "<group>";
		};
		B6AACDCD26E504BD009CA7B5 /* Resource */ = {
			isa = PBXGroup;
			children = (
				A492652A219CC6F50087239F /* Assets.xcassets */,
				A4926530219CC6F50087239F /* HottestCorners.entitlements */,
			);
			path = Resource;
			sourceTree = "<group>";
		};
		B6AACDCE26E5050F009CA7B5 /* Configuration */ = {
			isa = PBXGroup;
			children = (
				A492652F219CC6F50087239F /* Info.plist */,
			);
			path = Configuration;
			sourceTree = "<group>";
		};
		B6AACDD726E55E02009CA7B5 /* Menu */ = {
			isa = PBXGroup;
			children = (
				B6AACDCF26E54C86009CA7B5 /* MainMenu.swift */,
				B6AACDD326E55013009CA7B5 /* ApplicationsMenu.swift */,
			);
			path = Menu;
			sourceTree = "<group>";
		};
/* End PBXGroup section */

/* Begin PBXNativeTarget section */
		A40D346E21A4970B00DCD6DD /* HottestCornersHelper */ = {
			isa = PBXNativeTarget;
			buildConfigurationList = A40D347A21A4970D00DCD6DD /* Build configuration list for PBXNativeTarget "HottestCornersHelper" */;
			buildPhases = (
				A40D346B21A4970B00DCD6DD /* Sources */,
				A40D346C21A4970B00DCD6DD /* Frameworks */,
				A40D346D21A4970B00DCD6DD /* Resources */,
			);
			buildRules = (
			);
			dependencies = (
			);
			name = HottestCornersHelper;
			productName = HottestCornersHelper;
			productReference = A40D346F21A4970B00DCD6DD /* HottestCornersHelper.app */;
			productType = "com.apple.product-type.application";
		};
		A4926524219CC6F40087239F /* HottestCorners */ = {
			isa = PBXNativeTarget;
			buildConfigurationList = A4926533219CC6F50087239F /* Build configuration list for PBXNativeTarget "HottestCorners" */;
			buildPhases = (
				A4926521219CC6F40087239F /* Sources */,
				A4926523219CC6F40087239F /* Resources */,
				A40D347D21A49A1400DCD6DD /* CopyFiles */,
				A4926522219CC6F40087239F /* Frameworks */,
				A42D15D621A2204B00A16162 /* Embed Frameworks */,
			);
			buildRules = (
			);
			dependencies = (
			);
			name = HottestCorners;
			productName = HottestCorners;
			productReference = A4926525219CC6F40087239F /* HottestCorners.app */;
			productType = "com.apple.product-type.application";
		};
/* End PBXNativeTarget section */

/* Begin PBXProject section */
		A492651D219CC6F40087239F /* Project object */ = {
			isa = PBXProject;
			attributes = {
				LastSwiftUpdateCheck = 1010;
				LastUpgradeCheck = 1130;
				ORGANIZATIONNAME = "Baltic IT Solutions OÜ";
				TargetAttributes = {
					A40D346E21A4970B00DCD6DD = {
						CreatedOnToolsVersion = 10.1;
						LastSwiftMigration = 1130;
					};
					A4926524219CC6F40087239F = {
						CreatedOnToolsVersion = 10.1;
						LastSwiftMigration = 1130;
					};
				};
			};
			buildConfigurationList = A4926520219CC6F40087239F /* Build configuration list for PBXProject "HottestCorners" */;
			compatibilityVersion = "Xcode 11.0";
			developmentRegion = en;
			hasScannedForEncodings = 0;
			knownRegions = (
				en,
				Base,
			);
			mainGroup = A492651C219CC6F40087239F;
			productRefGroup = A4926526219CC6F40087239F /* Products */;
			projectDirPath = "";
			projectRoot = "";
			targets = (
				A4926524219CC6F40087239F /* HottestCorners */,
				A40D346E21A4970B00DCD6DD /* HottestCornersHelper */,
			);
		};
/* End PBXProject section */

/* Begin PBXResourcesBuildPhase section */
		A40D346D21A4970B00DCD6DD /* Resources */ = {
			isa = PBXResourcesBuildPhase;
			buildActionMask = 2147483647;
			files = (
				A40D347421A4970D00DCD6DD /* Assets.xcassets in Resources */,
			);
			runOnlyForDeploymentPostprocessing = 0;
		};
		A4926523219CC6F40087239F /* Resources */ = {
			isa = PBXResourcesBuildPhase;
			buildActionMask = 2147483647;
			files = (
				A492652B219CC6F50087239F /* Assets.xcassets in Resources */,
			);
			runOnlyForDeploymentPostprocessing = 0;
		};
/* End PBXResourcesBuildPhase section */

/* Begin PBXSourcesBuildPhase section */
		A40D346B21A4970B00DCD6DD /* Sources */ = {
			isa = PBXSourcesBuildPhase;
			buildActionMask = 2147483647;
			files = (
				A40D348621A4A29700DCD6DD /* main.swift in Sources */,
				A40D347221A4970B00DCD6DD /* HelperAppDelegate.swift in Sources */,
			);
			runOnlyForDeploymentPostprocessing = 0;
		};
		A4926521219CC6F40087239F /* Sources */ = {
			isa = PBXSourcesBuildPhase;
			buildActionMask = 2147483647;
			files = (
				A4F3E4F021A044E900369222 /* main.swift in Sources */,
				A4F3E4F621A1C38D00369222 /* MouseController.swift in Sources */,
				B6AACDD626E55339009CA7B5 /* ApplicationsList.swift in Sources */,
				B6AACDD226E54DE6009CA7B5 /* StatusBarConfigurator.swift in Sources */,
				B6AACDD026E54C86009CA7B5 /* MainMenu.swift in Sources */,
				A42B255B21AF1808002D882F /* Corners.swift in Sources */,
				B6AACDD426E55013009CA7B5 /* ApplicationsMenu.swift in Sources */,
				B6AACDCB26E4FD92009CA7B5 /* UserDefaultsExtension.swift in Sources */,
				A4926529219CC6F40087239F /* AppDelegate.swift in Sources */,
			);
			runOnlyForDeploymentPostprocessing = 0;
		};
/* End PBXSourcesBuildPhase section */

/* Begin XCBuildConfiguration section */
		A40D347B21A4970D00DCD6DD /* Debug */ = {
			isa = XCBuildConfiguration;
			buildSettings = {
				ASSETCATALOG_COMPILER_APPICON_NAME = AppIcon;
				CODE_SIGN_ENTITLEMENTS = HottestCornersHelper/HottestCornersHelper.entitlements;
				CODE_SIGN_IDENTITY = "Mac Developer";
				CODE_SIGN_STYLE = Automatic;
				COMBINE_HIDPI_IMAGES = YES;
				DEVELOPMENT_TEAM = 3V7WC4AFHH;
				ENABLE_HARDENED_RUNTIME = YES;
				INFOPLIST_FILE = HottestCornersHelper/Info.plist;
				LD_RUNPATH_SEARCH_PATHS = (
					"$(inherited)",
					"@executable_path/../Frameworks",
				);
				MACOSX_DEPLOYMENT_TARGET = 10.12;
				MARKETING_VERSION = 1.1;
				ONLY_ACTIVE_ARCH = NO;
				PRODUCT_BUNDLE_IDENTIFIER = ee.bits.HottestCornersHelper;
				PRODUCT_NAME = "$(TARGET_NAME)";
				PROVISIONING_PROFILE_SPECIFIER = "";
				SKIP_INSTALL = YES;
				SWIFT_ENABLE_BATCH_MODE = NO;
				SWIFT_VERSION = 5.0;
			};
			name = Debug;
		};
		A40D347C21A4970D00DCD6DD /* Release */ = {
			isa = XCBuildConfiguration;
			buildSettings = {
				ASSETCATALOG_COMPILER_APPICON_NAME = AppIcon;
				CODE_SIGN_ENTITLEMENTS = HottestCornersHelper/HottestCornersHelper.entitlements;
				CODE_SIGN_IDENTITY = "Mac Developer";
				CODE_SIGN_STYLE = Automatic;
				COMBINE_HIDPI_IMAGES = YES;
				DEVELOPMENT_TEAM = 3V7WC4AFHH;
				ENABLE_HARDENED_RUNTIME = YES;
				INFOPLIST_FILE = HottestCornersHelper/Info.plist;
				LD_RUNPATH_SEARCH_PATHS = (
					"$(inherited)",
					"@executable_path/../Frameworks",
				);
				MACOSX_DEPLOYMENT_TARGET = 10.12;
				MARKETING_VERSION = 1.1;
				PRODUCT_BUNDLE_IDENTIFIER = ee.bits.HottestCornersHelper;
				PRODUCT_NAME = "$(TARGET_NAME)";
				PROVISIONING_PROFILE_SPECIFIER = "";
				SKIP_INSTALL = YES;
				SWIFT_ENABLE_BATCH_MODE = NO;
				SWIFT_VERSION = 5.0;
			};
			name = Release;
		};
		A4926531219CC6F50087239F /* Debug */ = {
			isa = XCBuildConfiguration;
			buildSettings = {
				ALWAYS_SEARCH_USER_PATHS = NO;
				CLANG_ANALYZER_NONNULL = YES;
				CLANG_ANALYZER_NUMBER_OBJECT_CONVERSION = YES_AGGRESSIVE;
				CLANG_CXX_LANGUAGE_STANDARD = "gnu++14";
				CLANG_CXX_LIBRARY = "libc++";
				CLANG_ENABLE_MODULES = YES;
				CLANG_ENABLE_OBJC_ARC = YES;
				CLANG_ENABLE_OBJC_WEAK = YES;
				CLANG_WARN_BLOCK_CAPTURE_AUTORELEASING = YES;
				CLANG_WARN_BOOL_CONVERSION = YES;
				CLANG_WARN_COMMA = YES;
				CLANG_WARN_CONSTANT_CONVERSION = YES;
				CLANG_WARN_DEPRECATED_OBJC_IMPLEMENTATIONS = YES;
				CLANG_WARN_DIRECT_OBJC_ISA_USAGE = YES_ERROR;
				CLANG_WARN_DOCUMENTATION_COMMENTS = YES;
				CLANG_WARN_EMPTY_BODY = YES;
				CLANG_WARN_ENUM_CONVERSION = YES;
				CLANG_WARN_INFINITE_RECURSION = YES;
				CLANG_WARN_INT_CONVERSION = YES;
				CLANG_WARN_NON_LITERAL_NULL_CONVERSION = YES;
				CLANG_WARN_OBJC_IMPLICIT_RETAIN_SELF = YES;
				CLANG_WARN_OBJC_LITERAL_CONVERSION = YES;
				CLANG_WARN_OBJC_ROOT_CLASS = YES_ERROR;
				CLANG_WARN_RANGE_LOOP_ANALYSIS = YES;
				CLANG_WARN_STRICT_PROTOTYPES = YES;
				CLANG_WARN_SUSPICIOUS_MOVE = YES;
				CLANG_WARN_UNGUARDED_AVAILABILITY = YES_AGGRESSIVE;
				CLANG_WARN_UNREACHABLE_CODE = YES;
				CLANG_WARN__DUPLICATE_METHOD_MATCH = YES;
				CODE_SIGN_IDENTITY = "3rd Party Mac Developer Installer: Baltic IT Solutions OU (3V7WC4AFHH)";
				COPY_PHASE_STRIP = NO;
				DEBUG_INFORMATION_FORMAT = dwarf;
				DEVELOPMENT_TEAM = 3V7WC4AFHH;
				ENABLE_STRICT_OBJC_MSGSEND = YES;
				ENABLE_TESTABILITY = YES;
				GCC_C_LANGUAGE_STANDARD = gnu11;
				GCC_DYNAMIC_NO_PIC = NO;
				GCC_NO_COMMON_BLOCKS = YES;
				GCC_OPTIMIZATION_LEVEL = 0;
				GCC_PREPROCESSOR_DEFINITIONS = (
					"DEBUG=1",
					"$(inherited)",
				);
				GCC_WARN_64_TO_32_BIT_CONVERSION = YES;
				GCC_WARN_ABOUT_RETURN_TYPE = YES_ERROR;
				GCC_WARN_UNDECLARED_SELECTOR = YES;
				GCC_WARN_UNINITIALIZED_AUTOS = YES_AGGRESSIVE;
				GCC_WARN_UNUSED_FUNCTION = YES;
				GCC_WARN_UNUSED_VARIABLE = YES;
				MACOSX_DEPLOYMENT_TARGET = 10.12;
				MTL_ENABLE_DEBUG_INFO = INCLUDE_SOURCE;
				MTL_FAST_MATH = YES;
				ONLY_ACTIVE_ARCH = NO;
				OTHER_SWIFT_FLAGS = "-DDEBUG";
				SDKROOT = macosx;
				SWIFT_ACTIVE_COMPILATION_CONDITIONS = DEBUG;
				SWIFT_OPTIMIZATION_LEVEL = "-Onone";
				SWIFT_VERSION = 5.0;
			};
			name = Debug;
		};
		A4926532219CC6F50087239F /* Release */ = {
			isa = XCBuildConfiguration;
			buildSettings = {
				ALWAYS_SEARCH_USER_PATHS = NO;
				CLANG_ANALYZER_NONNULL = YES;
				CLANG_ANALYZER_NUMBER_OBJECT_CONVERSION = YES_AGGRESSIVE;
				CLANG_CXX_LANGUAGE_STANDARD = "gnu++14";
				CLANG_CXX_LIBRARY = "libc++";
				CLANG_ENABLE_MODULES = YES;
				CLANG_ENABLE_OBJC_ARC = YES;
				CLANG_ENABLE_OBJC_WEAK = YES;
				CLANG_WARN_BLOCK_CAPTURE_AUTORELEASING = YES;
				CLANG_WARN_BOOL_CONVERSION = YES;
				CLANG_WARN_COMMA = YES;
				CLANG_WARN_CONSTANT_CONVERSION = YES;
				CLANG_WARN_DEPRECATED_OBJC_IMPLEMENTATIONS = YES;
				CLANG_WARN_DIRECT_OBJC_ISA_USAGE = YES_ERROR;
				CLANG_WARN_DOCUMENTATION_COMMENTS = YES;
				CLANG_WARN_EMPTY_BODY = YES;
				CLANG_WARN_ENUM_CONVERSION = YES;
				CLANG_WARN_INFINITE_RECURSION = YES;
				CLANG_WARN_INT_CONVERSION = YES;
				CLANG_WARN_NON_LITERAL_NULL_CONVERSION = YES;
				CLANG_WARN_OBJC_IMPLICIT_RETAIN_SELF = YES;
				CLANG_WARN_OBJC_LITERAL_CONVERSION = YES;
				CLANG_WARN_OBJC_ROOT_CLASS = YES_ERROR;
				CLANG_WARN_RANGE_LOOP_ANALYSIS = YES;
				CLANG_WARN_STRICT_PROTOTYPES = YES;
				CLANG_WARN_SUSPICIOUS_MOVE = YES;
				CLANG_WARN_UNGUARDED_AVAILABILITY = YES_AGGRESSIVE;
				CLANG_WARN_UNREACHABLE_CODE = YES;
				CLANG_WARN__DUPLICATE_METHOD_MATCH = YES;
				CODE_SIGN_IDENTITY = "3rd Party Mac Developer Installer: Baltic IT Solutions OU (3V7WC4AFHH)";
				COPY_PHASE_STRIP = NO;
				DEBUG_INFORMATION_FORMAT = "dwarf-with-dsym";
				DEVELOPMENT_TEAM = 3V7WC4AFHH;
				ENABLE_NS_ASSERTIONS = NO;
				ENABLE_STRICT_OBJC_MSGSEND = YES;
				GCC_C_LANGUAGE_STANDARD = gnu11;
				GCC_NO_COMMON_BLOCKS = YES;
				GCC_WARN_64_TO_32_BIT_CONVERSION = YES;
				GCC_WARN_ABOUT_RETURN_TYPE = YES_ERROR;
				GCC_WARN_UNDECLARED_SELECTOR = YES;
				GCC_WARN_UNINITIALIZED_AUTOS = YES_AGGRESSIVE;
				GCC_WARN_UNUSED_FUNCTION = YES;
				GCC_WARN_UNUSED_VARIABLE = YES;
				MACOSX_DEPLOYMENT_TARGET = 10.12;
				MTL_ENABLE_DEBUG_INFO = NO;
				MTL_FAST_MATH = YES;
				ONLY_ACTIVE_ARCH = YES;
				SDKROOT = macosx;
				SWIFT_COMPILATION_MODE = wholemodule;
				SWIFT_OPTIMIZATION_LEVEL = "-O";
				SWIFT_VERSION = 5.0;
			};
			name = Release;
		};
		A4926534219CC6F50087239F /* Debug */ = {
			isa = XCBuildConfiguration;
			buildSettings = {
				ASSETCATALOG_COMPILER_APPICON_NAME = AppIcon;
				CODE_SIGN_ENTITLEMENTS = HottestCorners/Resource/HottestCorners.entitlements;
				CODE_SIGN_IDENTITY = "Mac Developer";
				CODE_SIGN_STYLE = Automatic;
				COMBINE_HIDPI_IMAGES = YES;
				DEVELOPMENT_TEAM = 3V7WC4AFHH;
				ENABLE_HARDENED_RUNTIME = YES;
				FRAMEWORK_SEARCH_PATHS = (
					"$(inherited)",
					"$(PROJECT_DIR)/Carthage/Build/Mac",
				);
				INFOPLIST_FILE = HottestCorners/Configuration/Info.plist;
				LD_RUNPATH_SEARCH_PATHS = (
					"$(inherited)",
					"@executable_path/../Frameworks",
				);
				MARKETING_VERSION = 1.1;
				PRODUCT_BUNDLE_IDENTIFIER = ee.bits.HottestCorners;
				PRODUCT_NAME = "$(TARGET_NAME)";
				PROVISIONING_PROFILE_SPECIFIER = "";
				SWIFT_ENABLE_BATCH_MODE = NO;
				SWIFT_VERSION = 5.0;
			};
			name = Debug;
		};
		A4926535219CC6F50087239F /* Release */ = {
			isa = XCBuildConfiguration;
			buildSettings = {
				ASSETCATALOG_COMPILER_APPICON_NAME = AppIcon;
				CODE_SIGN_ENTITLEMENTS = HottestCorners/Resource/HottestCorners.entitlements;
				CODE_SIGN_IDENTITY = "Apple Development";
				CODE_SIGN_STYLE = Automatic;
				COMBINE_HIDPI_IMAGES = YES;
				DEVELOPMENT_TEAM = 3V7WC4AFHH;
				ENABLE_HARDENED_RUNTIME = YES;
				FRAMEWORK_SEARCH_PATHS = (
					"$(inherited)",
					"$(PROJECT_DIR)/Carthage/Build/Mac",
				);
				INFOPLIST_FILE = HottestCorners/Configuration/Info.plist;
				LD_RUNPATH_SEARCH_PATHS = (
					"$(inherited)",
					"@executable_path/../Frameworks",
				);
				MARKETING_VERSION = 1.1;
				PRODUCT_BUNDLE_IDENTIFIER = ee.bits.HottestCorners;
				PRODUCT_NAME = "$(TARGET_NAME)";
				PROVISIONING_PROFILE_SPECIFIER = "";
				SWIFT_ENABLE_BATCH_MODE = NO;
				SWIFT_VERSION = 5.0;
			};
			name = Release;
		};
/* End XCBuildConfiguration section */

/* Begin XCConfigurationList section */
		A40D347A21A4970D00DCD6DD /* Build configuration list for PBXNativeTarget "HottestCornersHelper" */ = {
			isa = XCConfigurationList;
			buildConfigurations = (
				A40D347B21A4970D00DCD6DD /* Debug */,
				A40D347C21A4970D00DCD6DD /* Release */,
			);
			defaultConfigurationIsVisible = 0;
			defaultConfigurationName = Release;
		};
		A4926520219CC6F40087239F /* Build configuration list for PBXProject "HottestCorners" */ = {
			isa = XCConfigurationList;
			buildConfigurations = (
				A4926531219CC6F50087239F /* Debug */,
				A4926532219CC6F50087239F /* Release */,
			);
			defaultConfigurationIsVisible = 0;
			defaultConfigurationName = Release;
		};
		A4926533219CC6F50087239F /* Build configuration list for PBXNativeTarget "HottestCorners" */ = {
			isa = XCConfigurationList;
			buildConfigurations = (
				A4926534219CC6F50087239F /* Debug */,
				A4926535219CC6F50087239F /* Release */,
			);
			defaultConfigurationIsVisible = 0;
			defaultConfigurationName = Release;
		};
/* End XCConfigurationList section */
	};
	rootObject = A492651D219CC6F40087239F /* Project object */;
}
